
Microsoft Visual Studio Solution File, Format Version 12.00
# Visual Studio Version 17
VisualStudioVersion = 17.7.34009.444
MinimumVisualStudioVersion = 10.0.40219.1
Project("{FAE04EC0-301F-11D3-BF4B-00C04F79EFBC}") = "Emissary", "Emissary.csproj", "{AF1C7E5D-4970-4237-8AA7-C9B509F4238D}"
EndProject
Global
	GlobalSection(SolutionConfigurationPlatforms) = preSolution
		Debug|Any CPU = Debug|Any CPU
		Release|Any CPU = Release|Any CPU
	EndGlobalSection
	GlobalSection(ProjectConfigurationPlatforms) = postSolution
		{AF1C7E5D-4970-4237-8AA7-C9B509F4238D}.Debug|Any CPU.ActiveCfg = Debug|Any CPU
		{AF1C7E5D-4970-4237-8AA7-C9B509F4238D}.Debug|Any CPU.Build.0 = Debug|Any CPU
		{AF1C7E5D-4970-4237-8AA7-C9B509F4238D}.Release|Any CPU.ActiveCfg = Release|Any CPU
		{AF1C7E5D-4970-4237-8AA7-C9B509F4238D}.Release|Any CPU.Build.0 = Release|Any CPU
	EndGlobalSection
	GlobalSection(SolutionProperties) = preSolution
		HideSolutionNode = FALSE
	EndGlobalSection
	GlobalSection(ExtensibilityGlobals) = postSolution
		SolutionGuid = {E2C1AB56-3CA6-46F7-A22C-755C23E2464A}
	EndGlobalSection
EndGlobal
